{
  "name": "phase-2-challenge",
  "version": "1.0.0",
  "lockfileVersion": 1,
  "dependencies": {
    "builtin-modules": {
      "version": "1.1.1",
      "resolved": "https://registry.npmjs.org/builtin-modules/-/builtin-modules-1.1.1.tgz",
      "integrity": "sha1-Jw8HbFpywC9bZaR9+Uxf46J4iS8="
    }
  }
}
